
Microsoft Visual Studio Solution File, Format Version 12.00
# Visual Studio Version 16
VisualStudioVersion = 16.0.28729.10
MinimumVisualStudioVersion = 10.0.40219.1
Project("{8BC9CEB8-8B4A-11D0-8D11-00A0C91BC942}") = "opengl_pbr", "opengl_pbr.vcxproj", "{C961005B-B85C-4E36-82F4-B5D65F4CE351}"
EndProject
Global
	GlobalSection(SolutionConfigurationPlatforms) = preSolution
		Debug|x64 = Debug|x64
		Release|x64 = Release|x64
	EndGlobalSection
	GlobalSection(ProjectConfigurationPlatforms) = postSolution
		{C961005B-B85C-4E36-82F4-B5D65F4CE351}.Debug|x64.ActiveCfg = Debug|x64
		{C961005B-B85C-4E36-82F4-B5D65F4CE351}.Debug|x64.Build.0 = Debug|x64
		{C961005B-B85C-4E36-82F4-B5D65F4CE351}.Release|x64.ActiveCfg = Release|x64
		{C961005B-B85C-4E36-82F4-B5D65F4CE351}.Release|x64.Build.0 = Release|x64
	EndGlobalSection
	GlobalSection(SolutionProperties) = preSolution
		HideSolutionNode = FALSE
	EndGlobalSection
	GlobalSection(ExtensibilityGlobals) = postSolution
		SolutionGuid = {61206194-1506-4506-B535-59552E6C3FA8}
	EndGlobalSection
EndGlobal
